
Microsoft Visual Studio Solution File, Format Version 12.00

MinimumVisualStudioVersion = 10.0.40219.1
Project("{FAE04EC0-301F-11D3-BF4B-00C04F79EFBC}") = "Weather Station", "Weather Station\Weather Station.csproj", "{D71D0C7D-8E44-45A5-BE3D-FFC8D924D42C}"
EndProject
Project("{FAE04EC0-301F-11D3-BF4B-00C04F79EFBC}") = "Observer", "Observer\Observer.csproj", "{35311B12-B69B-41D1-8818-CCAE588A828B}"
EndProject
Global
	GlobalSection(SolutionConfigurationPlatforms) = preSolution
		Debug|Any CPU = Debug|Any CPU
		Release|Any CPU = Release|Any CPU
	EndGlobalSection
	GlobalSection(ProjectConfigurationPlatforms) = postSolution
		{D71D0C7D-8E44-45A5-BE3D-FFC8D924D42C}.Debug|Any CPU.ActiveCfg = Debug|Any CPU
		{D71D0C7D-8E44-45A5-BE3D-FFC8D924D42C}.Debug|Any CPU.Build.0 = Debug|Any CPU
		{D71D0C7D-8E44-45A5-BE3D-FFC8D924D42C}.Release|Any CPU.ActiveCfg = Release|Any CPU
		{D71D0C7D-8E44-45A5-BE3D-FFC8D924D42C}.Release|Any CPU.Build.0 = Release|Any CPU
		{35311B12-B69B-41D1-8818-CCAE588A828B}.Debug|Any CPU.ActiveCfg = Debug|Any CPU
		{35311B12-B69B-41D1-8818-CCAE588A828B}.Debug|Any CPU.Build.0 = Debug|Any CPU
		{35311B12-B69B-41D1-8818-CCAE588A828B}.Release|Any CPU.ActiveCfg = Release|Any CPU
		{35311B12-B69B-41D1-8818-CCAE588A828B}.Release|Any CPU.Build.0 = Release|Any CPU
	EndGlobalSection
	GlobalSection(SolutionProperties) = preSolution
		HideSolutionNode = FALSE
	EndGlobalSection
	GlobalSection(ExtensibilityGlobals) = postSolution
		SolutionGuid = {A9071B55-1B88-4E8B-A939-495335900AA4}
	EndGlobalSection
EndGlobal
